// !$*UTF8*$!
{
	archiveVersion = 1;
	classes = {
	};
	objectVersion = 50;
	objects = {

/* Begin PBXBuildFile section */
		95D3F1B20511A88F65A96E03 /* Pods_MarvelGuide.framework in Frameworks */ = {isa = PBXBuildFile; fileRef = 678F662230BCB6146BCE61E2 /* Pods_MarvelGuide.framework */; };
		A416119C20FCC60A0075326A /* AppDelegate.swift in Sources */ = {isa = PBXBuildFile; fileRef = A416119B20FCC60A0075326A /* AppDelegate.swift */; };
		A416119E20FCC60A0075326A /* ViewController.swift in Sources */ = {isa = PBXBuildFile; fileRef = A416119D20FCC60A0075326A /* ViewController.swift */; };
		A41611A120FCC60A0075326A /* Main.storyboard in Resources */ = {isa = PBXBuildFile; fileRef = A416119F20FCC60A0075326A /* Main.storyboard */; };
		A41611A320FCC60B0075326A /* Assets.xcassets in Resources */ = {isa = PBXBuildFile; fileRef = A41611A220FCC60B0075326A /* Assets.xcassets */; };
		A41611A620FCC60B0075326A /* LaunchScreen.storyboard in Resources */ = {isa = PBXBuildFile; fileRef = A41611A420FCC60B0075326A /* LaunchScreen.storyboard */; };
		A41611AE20FCCC9A0075326A /* CharacterViewController.swift in Sources */ = {isa = PBXBuildFile; fileRef = A41611AD20FCCC9A0075326A /* CharacterViewController.swift */; };
		A4353A7F20FE623400A3755B /* NetworkManager.swift in Sources */ = {isa = PBXBuildFile; fileRef = A4353A7E20FE623400A3755B /* NetworkManager.swift */; };
		A4353A8120FE628C00A3755B /* NetworkDelegate.swift in Sources */ = {isa = PBXBuildFile; fileRef = A4353A8020FE628C00A3755B /* NetworkDelegate.swift */; };
		A4353A8320FE62A400A3755B /* NetworkConstants.swift in Sources */ = {isa = PBXBuildFile; fileRef = A4353A8220FE62A400A3755B /* NetworkConstants.swift */; };
		A4353A8720FF5F1500A3755B /* MarvelCharacter.swift in Sources */ = {isa = PBXBuildFile; fileRef = A4353A8620FF5F1500A3755B /* MarvelCharacter.swift */; };
/* End PBXBuildFile section */

/* Begin PBXFileReference section */
		3E301BABC4DFDE2702EF512B /* Pods-MarvelGuide.debug.xcconfig */ = {isa = PBXFileReference; includeInIndex = 1; lastKnownFileType = text.xcconfig; name = "Pods-MarvelGuide.debug.xcconfig"; path = "Pods/Target Support Files/Pods-MarvelGuide/Pods-MarvelGuide.debug.xcconfig"; sourceTree = "<group>"; };
		678F662230BCB6146BCE61E2 /* Pods_MarvelGuide.framework */ = {isa = PBXFileReference; explicitFileType = wrapper.framework; includeInIndex = 0; path = Pods_MarvelGuide.framework; sourceTree = BUILT_PRODUCTS_DIR; };
		A416119820FCC60A0075326A /* MarvelGuide.app */ = {isa = PBXFileReference; explicitFileType = wrapper.application; includeInIndex = 0; path = MarvelGuide.app; sourceTree = BUILT_PRODUCTS_DIR; };
		A416119B20FCC60A0075326A /* AppDelegate.swift */ = {isa = PBXFileReference; lastKnownFileType = sourcecode.swift; path = AppDelegate.swift; sourceTree = "<group>"; };
		A416119D20FCC60A0075326A /* ViewController.swift */ = {isa = PBXFileReference; lastKnownFileType = sourcecode.swift; path = ViewController.swift; sourceTree = "<group>"; };
		A41611A020FCC60A0075326A /* Base */ = {isa = PBXFileReference; lastKnownFileType = file.storyboard; name = Base; path = Base.lproj/Main.storyboard; sourceTree = "<group>"; };
		A41611A220FCC60B0075326A /* Assets.xcassets */ = {isa = PBXFileReference; lastKnownFileType = folder.assetcatalog; path = Assets.xcassets; sourceTree = "<group>"; };
		A41611A520FCC60B0075326A /* Base */ = {isa = PBXFileReference; lastKnownFileType = file.storyboard; name = Base; path = Base.lproj/LaunchScreen.storyboard; sourceTree = "<group>"; };
		A41611A720FCC60B0075326A /* Info.plist */ = {isa = PBXFileReference; lastKnownFileType = text.plist.xml; path = Info.plist; sourceTree = "<group>"; };
		A41611AD20FCCC9A0075326A /* CharacterViewController.swift */ = {isa = PBXFileReference; lastKnownFileType = sourcecode.swift; path = CharacterViewController.swift; sourceTree = "<group>"; };
		A4353A7E20FE623400A3755B /* NetworkManager.swift */ = {isa = PBXFileReference; lastKnownFileType = sourcecode.swift; path = NetworkManager.swift; sourceTree = "<group>"; };
		A4353A8020FE628C00A3755B /* NetworkDelegate.swift */ = {isa = PBXFileReference; lastKnownFileType = sourcecode.swift; path = NetworkDelegate.swift; sourceTree = "<group>"; };
		A4353A8220FE62A400A3755B /* NetworkConstants.swift */ = {isa = PBXFileReference; lastKnownFileType = sourcecode.swift; path = NetworkConstants.swift; sourceTree = "<group>"; };
		A4353A8620FF5F1500A3755B /* MarvelCharacter.swift */ = {isa = PBXFileReference; lastKnownFileType = sourcecode.swift; path = MarvelCharacter.swift; sourceTree = "<group>"; };
		A47821B5B5CA7C381BE53E1C /* Pods-MarvelGuide.release.xcconfig */ = {isa = PBXFileReference; includeInIndex = 1; lastKnownFileType = text.xcconfig; name = "Pods-MarvelGuide.release.xcconfig"; path = "Pods/Target Support Files/Pods-MarvelGuide/Pods-MarvelGuide.release.xcconfig"; sourceTree = "<group>"; };
/* End PBXFileReference section */

/* Begin PBXFrameworksBuildPhase section */
		A416119520FCC60A0075326A /* Frameworks */ = {
			isa = PBXFrameworksBuildPhase;
			buildActionMask = 2147483647;
			files = (
				95D3F1B20511A88F65A96E03 /* Pods_MarvelGuide.framework in Frameworks */,
			);
			runOnlyForDeploymentPostprocessing = 0;
		};
/* End PBXFrameworksBuildPhase section */

/* Begin PBXGroup section */
		8A3B8516A00D138D01C838CD /* Pods */ = {
			isa = PBXGroup;
			children = (
				3E301BABC4DFDE2702EF512B /* Pods-MarvelGuide.debug.xcconfig */,
				A47821B5B5CA7C381BE53E1C /* Pods-MarvelGuide.release.xcconfig */,
			);
			name = Pods;
			sourceTree = "<group>";
		};
		A416118F20FCC60A0075326A = {
			isa = PBXGroup;
			children = (
				A416119A20FCC60A0075326A /* MarvelGuide */,
				A416119920FCC60A0075326A /* Products */,
				8A3B8516A00D138D01C838CD /* Pods */,
				C968A7662CE0DEC6FC6B40D7 /* Frameworks */,
			);
			sourceTree = "<group>";
		};
		A416119920FCC60A0075326A /* Products */ = {
			isa = PBXGroup;
			children = (
				A416119820FCC60A0075326A /* MarvelGuide.app */,
			);
			name = Products;
			sourceTree = "<group>";
		};
		A416119A20FCC60A0075326A /* MarvelGuide */ = {
			isa = PBXGroup;
			children = (
				A4353A8620FF5F1500A3755B /* MarvelCharacter.swift */,
				A4353A7D20FE5B6300A3755B /* Network */,
				A416119B20FCC60A0075326A /* AppDelegate.swift */,
				A416119F20FCC60A0075326A /* Main.storyboard */,
				A416119D20FCC60A0075326A /* ViewController.swift */,
				A41611AD20FCCC9A0075326A /* CharacterViewController.swift */,
				A41611A220FCC60B0075326A /* Assets.xcassets */,
				A41611A420FCC60B0075326A /* LaunchScreen.storyboard */,
				A41611A720FCC60B0075326A /* Info.plist */,
			);
			path = MarvelGuide;
			sourceTree = "<group>";
		};
		A4353A7D20FE5B6300A3755B /* Network */ = {
			isa = PBXGroup;
			children = (
				A4353A7E20FE623400A3755B /* NetworkManager.swift */,
				A4353A8020FE628C00A3755B /* NetworkDelegate.swift */,
				A4353A8220FE62A400A3755B /* NetworkConstants.swift */,
			);
			path = Network;
			sourceTree = "<group>";
		};
		C968A7662CE0DEC6FC6B40D7 /* Frameworks */ = {
			isa = PBXGroup;
			children = (
				678F662230BCB6146BCE61E2 /* Pods_MarvelGuide.framework */,
			);
			name = Frameworks;
			sourceTree = "<group>";
		};
/* End PBXGroup section */

/* Begin PBXNativeTarget section */
		A416119720FCC60A0075326A /* MarvelGuide */ = {
			isa = PBXNativeTarget;
			buildConfigurationList = A41611AA20FCC60B0075326A /* Build configuration list for PBXNativeTarget "MarvelGuide" */;
			buildPhases = (
				43F58E03A56B9634CDD162CA /* [CP] Check Pods Manifest.lock */,
				A416119420FCC60A0075326A /* Sources */,
				A416119520FCC60A0075326A /* Frameworks */,
				A416119620FCC60A0075326A /* Resources */,
				E43F5CB0C7EFA849DDF56639 /* [CP] Embed Pods Frameworks */,
			);
			buildRules = (
			);
			dependencies = (
			);
			name = MarvelGuide;
			productName = MarvelGuide;
			productReference = A416119820FCC60A0075326A /* MarvelGuide.app */;
			productType = "com.apple.product-type.application";
		};
/* End PBXNativeTarget section */

/* Begin PBXProject section */
		A416119020FCC60A0075326A /* Project object */ = {
			isa = PBXProject;
			attributes = {
				LastSwiftUpdateCheck = 0940;
				LastUpgradeCheck = 0940;
				ORGANIZATIONNAME = "Artemii Shabanov";
				TargetAttributes = {
					A416119720FCC60A0075326A = {
						CreatedOnToolsVersion = 9.4.1;
					};
				};
			};
			buildConfigurationList = A416119320FCC60A0075326A /* Build configuration list for PBXProject "MarvelGuide" */;
			compatibilityVersion = "Xcode 9.3";
			developmentRegion = en;
			hasScannedForEncodings = 0;
			knownRegions = (
				en,
				Base,
			);
			mainGroup = A416118F20FCC60A0075326A;
			productRefGroup = A416119920FCC60A0075326A /* Products */;
			projectDirPath = "";
			projectRoot = "";
			targets = (
				A416119720FCC60A0075326A /* MarvelGuide */,
			);
		};
/* End PBXProject section */

/* Begin PBXResourcesBuildPhase section */
		A416119620FCC60A0075326A /* Resources */ = {
			isa = PBXResourcesBuildPhase;
			buildActionMask = 2147483647;
			files = (
				A41611A620FCC60B0075326A /* LaunchScreen.storyboard in Resources */,
				A41611A320FCC60B0075326A /* Assets.xcassets in Resources */,
				A41611A120FCC60A0075326A /* Main.storyboard in Resources */,
			);
			runOnlyForDeploymentPostprocessing = 0;
		};
/* End PBXResourcesBuildPhase section */

/* Begin PBXShellScriptBuildPhase section */
		43F58E03A56B9634CDD162CA /* [CP] Check Pods Manifest.lock */ = {
			isa = PBXShellScriptBuildPhase;
			buildActionMask = 2147483647;
			files = (
			);
			inputPaths = (
				"${PODS_PODFILE_DIR_PATH}/Podfile.lock",
				"${PODS_ROOT}/Manifest.lock",
			);
			name = "[CP] Check Pods Manifest.lock";
			outputPaths = (
				"$(DERIVED_FILE_DIR)/Pods-MarvelGuide-checkManifestLockResult.txt",
			);
			runOnlyForDeploymentPostprocessing = 0;
			shellPath = /bin/sh;
			shellScript = "diff \"${PODS_PODFILE_DIR_PATH}/Podfile.lock\" \"${PODS_ROOT}/Manifest.lock\" > /dev/null\nif [ $? != 0 ] ; then\n    # print error to STDERR\n    echo \"error: The sandbox is not in sync with the Podfile.lock. Run 'pod install' or update your CocoaPods installation.\" >&2\n    exit 1\nfi\n# This output is used by Xcode 'outputs' to avoid re-running this script phase.\necho \"SUCCESS\" > \"${SCRIPT_OUTPUT_FILE_0}\"\n";
			showEnvVarsInLog = 0;
		};
		E43F5CB0C7EFA849DDF56639 /* [CP] Embed Pods Frameworks */ = {
			isa = PBXShellScriptBuildPhase;
			buildActionMask = 2147483647;
			files = (
			);
			inputPaths = (
				"${SRCROOT}/Pods/Target Support Files/Pods-MarvelGuide/Pods-MarvelGuide-frameworks.sh",
				"${BUILT_PRODUCTS_DIR}/Alamofire/Alamofire.framework",
			);
			name = "[CP] Embed Pods Frameworks";
			outputPaths = (
				"${TARGET_BUILD_DIR}/${FRAMEWORKS_FOLDER_PATH}/Alamofire.framework",
			);
			runOnlyForDeploymentPostprocessing = 0;
			shellPath = /bin/sh;
			shellScript = "\"${SRCROOT}/Pods/Target Support Files/Pods-MarvelGuide/Pods-MarvelGuide-frameworks.sh\"\n";
			showEnvVarsInLog = 0;
		};
/* End PBXShellScriptBuildPhase section */

/* Begin PBXSourcesBuildPhase section */
		A416119420FCC60A0075326A /* Sources */ = {
			isa = PBXSourcesBuildPhase;
			buildActionMask = 2147483647;
			files = (
				A4353A8320FE62A400A3755B /* NetworkConstants.swift in Sources */,
				A4353A7F20FE623400A3755B /* NetworkManager.swift in Sources */,
				A4353A8120FE628C00A3755B /* NetworkDelegate.swift in Sources */,
				A41611AE20FCCC9A0075326A /* CharacterViewController.swift in Sources */,
				A4353A8720FF5F1500A3755B /* MarvelCharacter.swift in Sources */,
				A416119E20FCC60A0075326A /* ViewController.swift in Sources */,
				A416119C20FCC60A0075326A /* AppDelegate.swift in Sources */,
			);
			runOnlyForDeploymentPostprocessing = 0;
		};
/* End PBXSourcesBuildPhase section */

/* Begin PBXVariantGroup section */
		A416119F20FCC60A0075326A /* Main.storyboard */ = {
			isa = PBXVariantGroup;
			children = (
				A41611A020FCC60A0075326A /* Base */,
			);
			name = Main.storyboard;
			sourceTree = "<group>";
		};
		A41611A420FCC60B0075326A /* LaunchScreen.storyboard */ = {
			isa = PBXVariantGroup;
			children = (
				A41611A520FCC60B0075326A /* Base */,
			);
			name = LaunchScreen.storyboard;
			sourceTree = "<group>";
		};
/* End PBXVariantGroup section */

/* Begin XCBuildConfiguration section */
		A41611A820FCC60B0075326A /* Debug */ = {
			isa = XCBuildConfiguration;
			buildSettings = {
				ALWAYS_SEARCH_USER_PATHS = NO;
				CLANG_ANALYZER_NONNULL = YES;
				CLANG_ANALYZER_NUMBER_OBJECT_CONVERSION = YES_AGGRESSIVE;
				CLANG_CXX_LANGUAGE_STANDARD = "gnu++14";
				CLANG_CXX_LIBRARY = "libc++";
				CLANG_ENABLE_MODULES = YES;
				CLANG_ENABLE_OBJC_ARC = YES;
				CLANG_ENABLE_OBJC_WEAK = YES;
				CLANG_WARN_BLOCK_CAPTURE_AUTORELEASING = YES;
				CLANG_WARN_BOOL_CONVERSION = YES;
				CLANG_WARN_COMMA = YES;
				CLANG_WARN_CONSTANT_CONVERSION = YES;
				CLANG_WARN_DEPRECATED_OBJC_IMPLEMENTATIONS = YES;
				CLANG_WARN_DIRECT_OBJC_ISA_USAGE = YES_ERROR;
				CLANG_WARN_DOCUMENTATION_COMMENTS = YES;
				CLANG_WARN_EMPTY_BODY = YES;
				CLANG_WARN_ENUM_CONVERSION = YES;
				CLANG_WARN_INFINITE_RECURSION = YES;
				CLANG_WARN_INT_CONVERSION = YES;
				CLANG_WARN_NON_LITERAL_NULL_CONVERSION = YES;
				CLANG_WARN_OBJC_IMPLICIT_RETAIN_SELF = YES;
				CLANG_WARN_OBJC_LITERAL_CONVERSION = YES;
				CLANG_WARN_OBJC_ROOT_CLASS = YES_ERROR;
				CLANG_WARN_RANGE_LOOP_ANALYSIS = YES;
				CLANG_WARN_STRICT_PROTOTYPES = YES;
				CLANG_WARN_SUSPICIOUS_MOVE = YES;
				CLANG_WARN_UNGUARDED_AVAILABILITY = YES_AGGRESSIVE;
				CLANG_WARN_UNREACHABLE_CODE = YES;
				CLANG_WARN__DUPLICATE_METHOD_MATCH = YES;
				CODE_SIGN_IDENTITY = "iPhone Developer";
				COPY_PHASE_STRIP = NO;
				DEBUG_INFORMATION_FORMAT = dwarf;
				ENABLE_STRICT_OBJC_MSGSEND = YES;
				ENABLE_TESTABILITY = YES;
				GCC_C_LANGUAGE_STANDARD = gnu11;
				GCC_DYNAMIC_NO_PIC = NO;
				GCC_NO_COMMON_BLOCKS = YES;
				GCC_OPTIMIZATION_LEVEL = 0;
				GCC_PREPROCESSOR_DEFINITIONS = (
					"DEBUG=1",
					"$(inherited)",
				);
				GCC_WARN_64_TO_32_BIT_CONVERSION = YES;
				GCC_WARN_ABOUT_RETURN_TYPE = YES_ERROR;
				GCC_WARN_UNDECLARED_SELECTOR = YES;
				GCC_WARN_UNINITIALIZED_AUTOS = YES_AGGRESSIVE;
				GCC_WARN_UNUSED_FUNCTION = YES;
				GCC_WARN_UNUSED_VARIABLE = YES;
				IPHONEOS_DEPLOYMENT_TARGET = 11.4;
				MTL_ENABLE_DEBUG_INFO = YES;
				ONLY_ACTIVE_ARCH = YES;
				SDKROOT = iphoneos;
				SWIFT_ACTIVE_COMPILATION_CONDITIONS = DEBUG;
				SWIFT_OPTIMIZATION_LEVEL = "-Onone";
			};
			name = Debug;
		};
		A41611A920FCC60B0075326A /* Release */ = {
			isa = XCBuildConfiguration;
			buildSettings = {
				ALWAYS_SEARCH_USER_PATHS = NO;
				CLANG_ANALYZER_NONNULL = YES;
				CLANG_ANALYZER_NUMBER_OBJECT_CONVERSION = YES_AGGRESSIVE;
				CLANG_CXX_LANGUAGE_STANDARD = "gnu++14";
				CLANG_CXX_LIBRARY = "libc++";
				CLANG_ENABLE_MODULES = YES;
				CLANG_ENABLE_OBJC_ARC = YES;
				CLANG_ENABLE_OBJC_WEAK = YES;
				CLANG_WARN_BLOCK_CAPTURE_AUTORELEASING = YES;
				CLANG_WARN_BOOL_CONVERSION = YES;
				CLANG_WARN_COMMA = YES;
				CLANG_WARN_CONSTANT_CONVERSION = YES;
				CLANG_WARN_DEPRECATED_OBJC_IMPLEMENTATIONS = YES;
				CLANG_WARN_DIRECT_OBJC_ISA_USAGE = YES_ERROR;
				CLANG_WARN_DOCUMENTATION_COMMENTS = YES;
				CLANG_WARN_EMPTY_BODY = YES;
				CLANG_WARN_ENUM_CONVERSION = YES;
				CLANG_WARN_INFINITE_RECURSION = YES;
				CLANG_WARN_INT_CONVERSION = YES;
				CLANG_WARN_NON_LITERAL_NULL_CONVERSION = YES;
				CLANG_WARN_OBJC_IMPLICIT_RETAIN_SELF = YES;
				CLANG_WARN_OBJC_LITERAL_CONVERSION = YES;
				CLANG_WARN_OBJC_ROOT_CLASS = YES_ERROR;
				CLANG_WARN_RANGE_LOOP_ANALYSIS = YES;
				CLANG_WARN_STRICT_PROTOTYPES = YES;
				CLANG_WARN_SUSPICIOUS_MOVE = YES;
				CLANG_WARN_UNGUARDED_AVAILABILITY = YES_AGGRESSIVE;
				CLANG_WARN_UNREACHABLE_CODE = YES;
				CLANG_WARN__DUPLICATE_METHOD_MATCH = YES;
				CODE_SIGN_IDENTITY = "iPhone Developer";
				COPY_PHASE_STRIP = NO;
				DEBUG_INFORMATION_FORMAT = "dwarf-with-dsym";
				ENABLE_NS_ASSERTIONS = NO;
				ENABLE_STRICT_OBJC_MSGSEND = YES;
				GCC_C_LANGUAGE_STANDARD = gnu11;
				GCC_NO_COMMON_BLOCKS = YES;
				GCC_WARN_64_TO_32_BIT_CONVERSION = YES;
				GCC_WARN_ABOUT_RETURN_TYPE = YES_ERROR;
				GCC_WARN_UNDECLARED_SELECTOR = YES;
				GCC_WARN_UNINITIALIZED_AUTOS = YES_AGGRESSIVE;
				GCC_WARN_UNUSED_FUNCTION = YES;
				GCC_WARN_UNUSED_VARIABLE = YES;
				IPHONEOS_DEPLOYMENT_TARGET = 11.4;
				MTL_ENABLE_DEBUG_INFO = NO;
				SDKROOT = iphoneos;
				SWIFT_COMPILATION_MODE = wholemodule;
				SWIFT_OPTIMIZATION_LEVEL = "-O";
				VALIDATE_PRODUCT = YES;
			};
			name = Release;
		};
		A41611AB20FCC60B0075326A /* Debug */ = {
			isa = XCBuildConfiguration;
			baseConfigurationReference = 3E301BABC4DFDE2702EF512B /* Pods-MarvelGuide.debug.xcconfig */;
			buildSettings = {
				ASSETCATALOG_COMPILER_APPICON_NAME = AppIcon;
				CODE_SIGN_STYLE = Automatic;
				DEVELOPMENT_TEAM = 9JH2U4SKKP;
				INFOPLIST_FILE = MarvelGuide/Info.plist;
				LD_RUNPATH_SEARCH_PATHS = (
					"$(inherited)",
					"@executable_path/Frameworks",
				);
				PRODUCT_BUNDLE_IDENTIFIER = vsu.MarvelGuide;
				PRODUCT_NAME = "$(TARGET_NAME)";
				SWIFT_VERSION = 4.0;
				TARGETED_DEVICE_FAMILY = "1,2";
			};
			name = Debug;
		};
		A41611AC20FCC60B0075326A /* Release */ = {
			isa = XCBuildConfiguration;
			baseConfigurationReference = A47821B5B5CA7C381BE53E1C /* Pods-MarvelGuide.release.xcconfig */;
			buildSettings = {
				ASSETCATALOG_COMPILER_APPICON_NAME = AppIcon;
				CODE_SIGN_STYLE = Automatic;
				DEVELOPMENT_TEAM = 9JH2U4SKKP;
				INFOPLIST_FILE = MarvelGuide/Info.plist;
				LD_RUNPATH_SEARCH_PATHS = (
					"$(inherited)",
					"@executable_path/Frameworks",
				);
				PRODUCT_BUNDLE_IDENTIFIER = vsu.MarvelGuide;
				PRODUCT_NAME = "$(TARGET_NAME)";
				SWIFT_VERSION = 4.0;
				TARGETED_DEVICE_FAMILY = "1,2";
			};
			name = Release;
		};
/* End XCBuildConfiguration section */

/* Begin XCConfigurationList section */
		A416119320FCC60A0075326A /* Build configuration list for PBXProject "MarvelGuide" */ = {
			isa = XCConfigurationList;
			buildConfigurations = (
				A41611A820FCC60B0075326A /* Debug */,
				A41611A920FCC60B0075326A /* Release */,
			);
			defaultConfigurationIsVisible = 0;
			defaultConfigurationName = Release;
		};
		A41611AA20FCC60B0075326A /* Build configuration list for PBXNativeTarget "MarvelGuide" */ = {
			isa = XCConfigurationList;
			buildConfigurations = (
				A41611AB20FCC60B0075326A /* Debug */,
				A41611AC20FCC60B0075326A /* Release */,
			);
			defaultConfigurationIsVisible = 0;
			defaultConfigurationName = Release;
		};
/* End XCConfigurationList section */
	};
	rootObject = A416119020FCC60A0075326A /* Project object */;
}
